// !$*UTF8*$!
{
	archiveVersion = 1;
	classes = {
	};
	objectVersion = 77;
	objects = {

/* Begin PBXContainerItemProxy section */
		35BA38E22FAEB96300B9C90B /* PBXContainerItemProxy */ = {
			isa = PBXContainerItemProxy;
			containerPortal = 35BA38CA2FAEB96200B9C90B /* Project object */;
			proxyType = 1;
			remoteGlobalIDString = 35BA38D12FAEB96200B9C90B;
			remoteInfo = "中國象棋";
		};
		35BA38EC2FAEB96300B9C90B /* PBXContainerItemProxy */ = {
			isa = PBXContainerItemProxy;
			containerPortal = 35BA38CA2FAEB96200B9C90B /* Project object */;
			proxyType = 1;
			remoteGlobalIDString = 35BA38D12FAEB96200B9C90B;
			remoteInfo = "中國象棋";
		};
/* End PBXContainerItemProxy section */

/* Begin PBXFileReference section */
		35BA38D22FAEB96200B9C90B /* 中國象棋.app */ = {isa = PBXFileReference; explicitFileType = wrapper.application; includeInIndex = 0; path = "中國象棋.app"; sourceTree = BUILT_PRODUCTS_DIR; };
		35BA38E12FAEB96300B9C90B /* 中國象棋Tests.xctest */ = {isa = PBXFileReference; explicitFileType = wrapper.cfbundle; includeInIndex = 0; path = "中國象棋Tests.xctest"; sourceTree = BUILT_PRODUCTS_DIR; };
		35BA38EB2FAEB96300B9C90B /* 中國象棋UITests.xctest */ = {isa = PBXFileReference; explicitFileType = wrapper.cfbundle; includeInIndex = 0; path = "中國象棋UITests.xctest"; sourceTree = BUILT_PRODUCTS_DIR; };
/* End PBXFileReference section */

/* Begin PBXFileSystemSynchronizedRootGroup section */
		35BA38D42FAEB96200B9C90B /* 中國象棋 */ = {
			isa = PBXFileSystemSynchronizedRootGroup;
			path = "中國象棋";
			sourceTree = "<group>";
		};
		35BA38E42FAEB96300B9C90B /* 中國象棋Tests */ = {
			isa = PBXFileSystemSynchronizedRootGroup;
			path = "中國象棋Tests";
			sourceTree = "<group>";
		};
		35BA38EE2FAEB96300B9C90B /* 中國象棋UITests */ = {
			isa = PBXFileSystemSynchronizedRootGroup;
			path = "中國象棋UITests";
			sourceTree = "<group>";
		};
/* End PBXFileSystemSynchronizedRootGroup section */

/* Begin PBXFrameworksBuildPhase section */
		35BA38CF2FAEB96200B9C90B /* Frameworks */ = {
			isa = PBXFrameworksBuildPhase;
			buildActionMask = 2147483647;
			files = (
			);
			runOnlyForDeploymentPostprocessing = 0;
		};
		35BA38DE2FAEB96300B9C90B /* Frameworks */ = {
			isa = PBXFrameworksBuildPhase;
			buildActionMask = 2147483647;
			files = (
			);
			runOnlyForDeploymentPostprocessing = 0;
		};
		35BA38E82FAEB96300B9C90B /* Frameworks */ = {
			isa = PBXFrameworksBuildPhase;
			buildActionMask = 2147483647;
			files = (
			);
			runOnlyForDeploymentPostprocessing = 0;
		};
/* End PBXFrameworksBuildPhase section */

/* Begin PBXGroup section */
		35BA38C92FAEB96200B9C90B = {
			isa = PBXGroup;
			children = (
				35BA38D42FAEB96200B9C90B /* 中國象棋 */,
				35BA38E42FAEB96300B9C90B /* 中國象棋Tests */,
				35BA38EE2FAEB96300B9C90B /* 中國象棋UITests */,
				35BA38D32FAEB96200B9C90B /* Products */,
			);
			sourceTree = "<group>";
		};
		35BA38D32FAEB96200B9C90B /* Products */ = {
			isa = PBXGroup;
			children = (
				35BA38D22FAEB96200B9C90B /* 中國象棋.app */,
				35BA38E12FAEB96300B9C90B /* 中國象棋Tests.xctest */,
				35BA38EB2FAEB96300B9C90B /* 中國象棋UITests.xctest */,
			);
			name = Products;
			sourceTree = "<group>";
		};
/* End PBXGroup section */

/* Begin PBXNativeTarget section */
		35BA38D12FAEB96200B9C90B /* 中國象棋 */ = {
			isa = PBXNativeTarget;
			buildConfigurationList = 35BA38F52FAEB96300B9C90B /* Build configuration list for PBXNativeTarget "中國象棋" */;
			buildPhases = (
				35BA38CE2FAEB96200B9C90B /* Sources */,
				35BA38CF2FAEB96200B9C90B /* Frameworks */,
				35BA38D02FAEB96200B9C90B /* Resources */,
			);
			buildRules = (
			);
			dependencies = (
			);
			fileSystemSynchronizedGroups = (
				35BA38D42FAEB96200B9C90B /* 中國象棋 */,
			);
			name = "中國象棋";
			packageProductDependencies = (
			);
			productName = "中國象棋";
			productReference = 35BA38D22FAEB96200B9C90B /* 中國象棋.app */;
			productType = "com.apple.product-type.application";
		};
		35BA38E02FAEB96300B9C90B /* 中國象棋Tests */ = {
			isa = PBXNativeTarget;
			buildConfigurationList = 35BA38F82FAEB96300B9C90B /* Build configuration list for PBXNativeTarget "中國象棋Tests" */;
			buildPhases = (
				35BA38DD2FAEB96300B9C90B /* Sources */,
				35BA38DE2FAEB96300B9C90B /* Frameworks */,
				35BA38DF2FAEB96300B9C90B /* Resources */,
			);
			buildRules = (
			);
			dependencies = (
				35BA38E32FAEB96300B9C90B /* PBXTargetDependency */,
			);
			fileSystemSynchronizedGroups = (
				35BA38E42FAEB96300B9C90B /* 中國象棋Tests */,
			);
			name = "中國象棋Tests";
			packageProductDependencies = (
			);
			productName = "中國象棋Tests";
			productReference = 35BA38E12FAEB96300B9C90B /* 中國象棋Tests.xctest */;
			productType = "com.apple.product-type.bundle.unit-test";
		};
		35BA38EA2FAEB96300B9C90B /* 中國象棋UITests */ = {
			isa = PBXNativeTarget;
			buildConfigurationList = 35BA38FB2FAEB96300B9C90B /* Build configuration list for PBXNativeTarget "中國象棋UITests" */;
			buildPhases = (
				35BA38E72FAEB96300B9C90B /* Sources */,
				35BA38E82FAEB96300B9C90B /* Frameworks */,
				35BA38E92FAEB96300B9C90B /* Resources */,
			);
			buildRules = (
			);
			dependencies = (
				35BA38ED2FAEB96300B9C90B /* PBXTargetDependency */,
			);
			fileSystemSynchronizedGroups = (
				35BA38EE2FAEB96300B9C90B /* 中國象棋UITests */,
			);
			name = "中國象棋UITests";
			packageProductDependencies = (
			);
			productName = "中國象棋UITests";
			productReference = 35BA38EB2FAEB96300B9C90B /* 中國象棋UITests.xctest */;
			productType = "com.apple.product-type.bundle.ui-testing";
		};
/* End PBXNativeTarget section */

/* Begin PBXProject section */
		35BA38CA2FAEB96200B9C90B /* Project object */ = {
			isa = PBXProject;
			attributes = {
				BuildIndependentTargetsInParallel = 1;
				LastSwiftUpdateCheck = 2610;
				LastUpgradeCheck = 2610;
				TargetAttributes = {
					35BA38D12FAEB96200B9C90B = {
						CreatedOnToolsVersion = 26.1;
					};
					35BA38E02FAEB96300B9C90B = {
						CreatedOnToolsVersion = 26.1;
						TestTargetID = 35BA38D12FAEB96200B9C90B;
					};
					35BA38EA2FAEB96300B9C90B = {
						CreatedOnToolsVersion = 26.1;
						TestTargetID = 35BA38D12FAEB96200B9C90B;
					};
				};
			};
			buildConfigurationList = 35BA38CD2FAEB96200B9C90B /* Build configuration list for PBXProject "中國象棋" */;
			developmentRegion = en;
			hasScannedForEncodings = 0;
			knownRegions = (
				en,
				Base,
			);
			mainGroup = 35BA38C92FAEB96200B9C90B;
			minimizedProjectReferenceProxies = 1;
			preferredProjectObjectVersion = 77;
			productRefGroup = 35BA38D32FAEB96200B9C90B /* Products */;
			projectDirPath = "";
			projectRoot = "";
			targets = (
				35BA38D12FAEB96200B9C90B /* 中國象棋 */,
				35BA38E02FAEB96300B9C90B /* 中國象棋Tests */,
				35BA38EA2FAEB96300B9C90B /* 中國象棋UITests */,
			);
		};
/* End PBXProject section */

/* Begin PBXResourcesBuildPhase section */
		35BA38D02FAEB96200B9C90B /* Resources */ = {
			isa = PBXResourcesBuildPhase;
			buildActionMask = 2147483647;
			files = (
			);
			runOnlyForDeploymentPostprocessing = 0;
		};
		35BA38DF2FAEB96300B9C90B /* Resources */ = {
			isa = PBXResourcesBuildPhase;
			buildActionMask = 2147483647;
			files = (
			);
			runOnlyForDeploymentPostprocessing = 0;
		};
		35BA38E92FAEB96300B9C90B /* Resources */ = {
			isa = PBXResourcesBuildPhase;
			buildActionMask = 2147483647;
			files = (
			);
			runOnlyForDeploymentPostprocessing = 0;
		};
/* End PBXResourcesBuildPhase section */

/* Begin PBXSourcesBuildPhase section */
		35BA38CE2FAEB96200B9C90B /* Sources */ = {
			isa = PBXSourcesBuildPhase;
			buildActionMask = 2147483647;
			files = (
			);
			runOnlyForDeploymentPostprocessing = 0;
		};
		35BA38DD2FAEB96300B9C90B /* Sources */ = {
			isa = PBXSourcesBuildPhase;
			buildActionMask = 2147483647;
			files = (
			);
			runOnlyForDeploymentPostprocessing = 0;
		};
		35BA38E72FAEB96300B9C90B /* Sources */ = {
			isa = PBXSourcesBuildPhase;
			buildActionMask = 2147483647;
			files = (
			);
			runOnlyForDeploymentPostprocessing = 0;
		};
/* End PBXSourcesBuildPhase section */

/* Begin PBXTargetDependency section */
		35BA38E32FAEB96300B9C90B /* PBXTargetDependency */ = {
			isa = PBXTargetDependency;
			target = 35BA38D12FAEB96200B9C90B /* 中國象棋 */;
			targetProxy = 35BA38E22FAEB96300B9C90B /* PBXContainerItemProxy */;
		};
		35BA38ED2FAEB96300B9C90B /* PBXTargetDependency */ = {
			isa = PBXTargetDependency;
			target = 35BA38D12FAEB96200B9C90B /* 中國象棋 */;
			targetProxy = 35BA38EC2FAEB96300B9C90B /* PBXContainerItemProxy */;
		};
/* End PBXTargetDependency section */

/* Begin XCBuildConfiguration section */
		35BA38F32FAEB96300B9C90B /* Debug */ = {
			isa = XCBuildConfiguration;
			buildSettings = {
				ALWAYS_SEARCH_USER_PATHS = NO;
				ASSETCATALOG_COMPILER_GENERATE_SWIFT_ASSET_SYMBOL_EXTENSIONS = YES;
				CLANG_ANALYZER_NONNULL = YES;
				CLANG_ANALYZER_NUMBER_OBJECT_CONVERSION = YES_AGGRESSIVE;
				CLANG_CXX_LANGUAGE_STANDARD = "gnu++20";
				CLANG_ENABLE_MODULES = YES;
				CLANG_ENABLE_OBJC_ARC = YES;
				CLANG_ENABLE_OBJC_WEAK = YES;
				CLANG_WARN_BLOCK_CAPTURE_AUTORELEASING = YES;
				CLANG_WARN_BOOL_CONVERSION = YES;
				CLANG_WARN_COMMA = YES;
				CLANG_WARN_CONSTANT_CONVERSION = YES;
				CLANG_WARN_DEPRECATED_OBJC_IMPLEMENTATIONS = YES;
				CLANG_WARN_DIRECT_OBJC_ISA_USAGE = YES_ERROR;
				CLANG_WARN_DOCUMENTATION_COMMENTS = YES;
				CLANG_WARN_EMPTY_BODY = YES;
				CLANG_WARN_ENUM_CONVERSION = YES;
				CLANG_WARN_INFINITE_RECURSION = YES;
				CLANG_WARN_INT_CONVERSION = YES;
				CLANG_WARN_NON_LITERAL_NULL_CONVERSION = YES;
				CLANG_WARN_OBJC_IMPLICIT_RETAIN_SELF = YES;
				CLANG_WARN_OBJC_LITERAL_CONVERSION = YES;
				CLANG_WARN_OBJC_ROOT_CLASS = YES_ERROR;
				CLANG_WARN_QUOTED_INCLUDE_IN_FRAMEWORK_HEADER = YES;
				CLANG_WARN_RANGE_LOOP_ANALYSIS = YES;
				CLANG_WARN_STRICT_PROTOTYPES = YES;
				CLANG_WARN_SUSPICIOUS_MOVE = YES;
				CLANG_WARN_UNGUARDED_AVAILABILITY = YES_AGGRESSIVE;
				CLANG_WARN_UNREACHABLE_CODE = YES;
				CLANG_WARN__DUPLICATE_METHOD_MATCH = YES;
				COPY_PHASE_STRIP = NO;
				DEBUG_INFORMATION_FORMAT = dwarf;
				ENABLE_STRICT_OBJC_MSGSEND = YES;
				ENABLE_TESTABILITY = YES;
				ENABLE_USER_SCRIPT_SANDBOXING = YES;
				GCC_C_LANGUAGE_STANDARD = gnu17;
				GCC_DYNAMIC_NO_PIC = NO;
				GCC_NO_COMMON_BLOCKS = YES;
				GCC_OPTIMIZATION_LEVEL = 0;
				GCC_PREPROCESSOR_DEFINITIONS = (
					"DEBUG=1",
					"$(inherited)",
				);
				GCC_WARN_64_TO_32_BIT_CONVERSION = YES;
				GCC_WARN_ABOUT_RETURN_TYPE = YES_ERROR;
				GCC_WARN_UNDECLARED_SELECTOR = YES;
				GCC_WARN_UNINITIALIZED_AUTOS = YES_AGGRESSIVE;
				GCC_WARN_UNUSED_FUNCTION = YES;
				GCC_WARN_UNUSED_VARIABLE = YES;
				IPHONEOS_DEPLOYMENT_TARGET = 26.1;
				LOCALIZATION_PREFERS_STRING_CATALOGS = YES;
				MTL_ENABLE_DEBUG_INFO = INCLUDE_SOURCE;
				MTL_FAST_MATH = YES;
				ONLY_ACTIVE_ARCH = YES;
				SDKROOT = iphoneos;
				SWIFT_ACTIVE_COMPILATION_CONDITIONS = "DEBUG $(inherited)";
				SWIFT_OPTIMIZATION_LEVEL = "-Onone";
			};
			name = Debug;
		};
		35BA38F42FAEB96300B9C90B /* Release */ = {
			isa = XCBuildConfiguration;
			buildSettings = {
				ALWAYS_SEARCH_USER_PATHS = NO;
				ASSETCATALOG_COMPILER_GENERATE_SWIFT_ASSET_SYMBOL_EXTENSIONS = YES;
				CLANG_ANALYZER_NONNULL = YES;
				CLANG_ANALYZER_NUMBER_OBJECT_CONVERSION = YES_AGGRESSIVE;
				CLANG_CXX_LANGUAGE_STANDARD = "gnu++20";
				CLANG_ENABLE_MODULES = YES;
				CLANG_ENABLE_OBJC_ARC = YES;
				CLANG_ENABLE_OBJC_WEAK = YES;
				CLANG_WARN_BLOCK_CAPTURE_AUTORELEASING = YES;
				CLANG_WARN_BOOL_CONVERSION = YES;
				CLANG_WARN_COMMA = YES;
				CLANG_WARN_CONSTANT_CONVERSION = YES;
				CLANG_WARN_DEPRECATED_OBJC_IMPLEMENTATIONS = YES;
				CLANG_WARN_DIRECT_OBJC_ISA_USAGE = YES_ERROR;
				CLANG_WARN_DOCUMENTATION_COMMENTS = YES;
				CLANG_WARN_EMPTY_BODY = YES;
				CLANG_WARN_ENUM_CONVERSION = YES;
				CLANG_WARN_INFINITE_RECURSION = YES;
				CLANG_WARN_INT_CONVERSION = YES;
				CLANG_WARN_NON_LITERAL_NULL_CONVERSION = YES;
				CLANG_WARN_OBJC_IMPLICIT_RETAIN_SELF = YES;
				CLANG_WARN_OBJC_LITERAL_CONVERSION = YES;
				CLANG_WARN_OBJC_ROOT_CLASS = YES_ERROR;
				CLANG_WARN_QUOTED_INCLUDE_IN_FRAMEWORK_HEADER = YES;
				CLANG_WARN_RANGE_LOOP_ANALYSIS = YES;
				CLANG_WARN_STRICT_PROTOTYPES = YES;
				CLANG_WARN_SUSPICIOUS_MOVE = YES;
				CLANG_WARN_UNGUARDED_AVAILABILITY = YES_AGGRESSIVE;
				CLANG_WARN_UNREACHABLE_CODE = YES;
				CLANG_WARN__DUPLICATE_METHOD_MATCH = YES;
				COPY_PHASE_STRIP = NO;
				DEBUG_INFORMATION_FORMAT = "dwarf-with-dsym";
				ENABLE_NS_ASSERTIONS = NO;
				ENABLE_STRICT_OBJC_MSGSEND = YES;
				ENABLE_USER_SCRIPT_SANDBOXING = YES;
				GCC_C_LANGUAGE_STANDARD = gnu17;
				GCC_NO_COMMON_BLOCKS = YES;
				GCC_WARN_64_TO_32_BIT_CONVERSION = YES;
				GCC_WARN_ABOUT_RETURN_TYPE = YES_ERROR;
				GCC_WARN_UNDECLARED_SELECTOR = YES;
				GCC_WARN_UNINITIALIZED_AUTOS = YES_AGGRESSIVE;
				GCC_WARN_UNUSED_FUNCTION = YES;
				GCC_WARN_UNUSED_VARIABLE = YES;
				IPHONEOS_DEPLOYMENT_TARGET = 26.1;
				LOCALIZATION_PREFERS_STRING_CATALOGS = YES;
				MTL_ENABLE_DEBUG_INFO = NO;
				MTL_FAST_MATH = YES;
				SDKROOT = iphoneos;
				SWIFT_COMPILATION_MODE = wholemodule;
				VALIDATE_PRODUCT = YES;
			};
			name = Release;
		};
		35BA38F62FAEB96300B9C90B /* Debug */ = {
			isa = XCBuildConfiguration;
			buildSettings = {
				ASSETCATALOG_COMPILER_APPICON_NAME = AppIcon;
				ASSETCATALOG_COMPILER_GLOBAL_ACCENT_COLOR_NAME = AccentColor;
				CODE_SIGN_STYLE = Automatic;
				CURRENT_PROJECT_VERSION = 1;
				DEVELOPMENT_TEAM = 68H22RW622;
				ENABLE_PREVIEWS = YES;
				GENERATE_INFOPLIST_FILE = YES;
				INFOPLIST_KEY_UIApplicationSceneManifest_Generation = YES;
				INFOPLIST_KEY_UIApplicationSupportsIndirectInputEvents = YES;
				INFOPLIST_KEY_UILaunchScreen_Generation = YES;
				INFOPLIST_KEY_UISupportedInterfaceOrientations_iPad = "UIInterfaceOrientationPortrait UIInterfaceOrientationPortraitUpsideDown UIInterfaceOrientationLandscapeLeft UIInterfaceOrientationLandscapeRight";
				INFOPLIST_KEY_UISupportedInterfaceOrientations_iPhone = "UIInterfaceOrientationPortrait UIInterfaceOrientationLandscapeLeft UIInterfaceOrientationLandscapeRight";
				LD_RUNPATH_SEARCH_PATHS = (
					"$(inherited)",
					"@executable_path/Frameworks",
				);
				MARKETING_VERSION = 1.0;
				PRODUCT_BUNDLE_IDENTIFIER = com.octopus.tech.chinesechess;
				PRODUCT_NAME = "$(TARGET_NAME)";
				STRING_CATALOG_GENERATE_SYMBOLS = YES;
				SWIFT_APPROACHABLE_CONCURRENCY = YES;
				SWIFT_DEFAULT_ACTOR_ISOLATION = MainActor;
				SWIFT_EMIT_LOC_STRINGS = YES;
				SWIFT_UPCOMING_FEATURE_MEMBER_IMPORT_VISIBILITY = YES;
				SWIFT_VERSION = 5.0;
				TARGETED_DEVICE_FAMILY = "1,2";
			};
			name = Debug;
		};
		35BA38F72FAEB96300B9C90B /* Release */ = {
			isa = XCBuildConfiguration;
			buildSettings = {
				ASSETCATALOG_COMPILER_APPICON_NAME = AppIcon;
				ASSETCATALOG_COMPILER_GLOBAL_ACCENT_COLOR_NAME = AccentColor;
				CODE_SIGN_STYLE = Automatic;
				CURRENT_PROJECT_VERSION = 1;
				DEVELOPMENT_TEAM = 68H22RW622;
				ENABLE_PREVIEWS = YES;
				GENERATE_INFOPLIST_FILE = YES;
				INFOPLIST_KEY_UIApplicationSceneManifest_Generation = YES;
				INFOPLIST_KEY_UIApplicationSupportsIndirectInputEvents = YES;
				INFOPLIST_KEY_UILaunchScreen_Generation = YES;
				INFOPLIST_KEY_UISupportedInterfaceOrientations_iPad = "UIInterfaceOrientationPortrait UIInterfaceOrientationPortraitUpsideDown UIInterfaceOrientationLandscapeLeft UIInterfaceOrientationLandscapeRight";
				INFOPLIST_KEY_UISupportedInterfaceOrientations_iPhone = "UIInterfaceOrientationPortrait UIInterfaceOrientationLandscapeLeft UIInterfaceOrientationLandscapeRight";
				LD_RUNPATH_SEARCH_PATHS = (
					"$(inherited)",
					"@executable_path/Frameworks",
				);
				MARKETING_VERSION = 1.0;
				PRODUCT_BUNDLE_IDENTIFIER = com.octopus.tech.chinesechess;
				PRODUCT_NAME = "$(TARGET_NAME)";
				STRING_CATALOG_GENERATE_SYMBOLS = YES;
				SWIFT_APPROACHABLE_CONCURRENCY = YES;
				SWIFT_DEFAULT_ACTOR_ISOLATION = MainActor;
				SWIFT_EMIT_LOC_STRINGS = YES;
				SWIFT_UPCOMING_FEATURE_MEMBER_IMPORT_VISIBILITY = YES;
				SWIFT_VERSION = 5.0;
				TARGETED_DEVICE_FAMILY = "1,2";
			};
			name = Release;
		};
		35BA38F92FAEB96300B9C90B /* Debug */ = {
			isa = XCBuildConfiguration;
			buildSettings = {
				BUNDLE_LOADER = "$(TEST_HOST)";
				CODE_SIGN_STYLE = Automatic;
				CURRENT_PROJECT_VERSION = 1;
				GENERATE_INFOPLIST_FILE = YES;
				IPHONEOS_DEPLOYMENT_TARGET = 26.1;
				MARKETING_VERSION = 1.0;
				PRODUCT_BUNDLE_IDENTIFIER = "com.octopus.tech.----Tests";
				PRODUCT_NAME = "$(TARGET_NAME)";
				STRING_CATALOG_GENERATE_SYMBOLS = NO;
				SWIFT_APPROACHABLE_CONCURRENCY = YES;
				SWIFT_EMIT_LOC_STRINGS = NO;
				SWIFT_UPCOMING_FEATURE_MEMBER_IMPORT_VISIBILITY = YES;
				SWIFT_VERSION = 5.0;
				TARGETED_DEVICE_FAMILY = "1,2";
				TEST_HOST = "$(BUILT_PRODUCTS_DIR)/中國象棋.app/$(BUNDLE_EXECUTABLE_FOLDER_PATH)/中國象棋";
			};
			name = Debug;
		};
		35BA38FA2FAEB96300B9C90B /* Release */ = {
			isa = XCBuildConfiguration;
			buildSettings = {
				BUNDLE_LOADER = "$(TEST_HOST)";
				CODE_SIGN_STYLE = Automatic;
				CURRENT_PROJECT_VERSION = 1;
				GENERATE_INFOPLIST_FILE = YES;
				IPHONEOS_DEPLOYMENT_TARGET = 26.1;
				MARKETING_VERSION = 1.0;
				PRODUCT_BUNDLE_IDENTIFIER = "com.octopus.tech.----Tests";
				PRODUCT_NAME = "$(TARGET_NAME)";
				STRING_CATALOG_GENERATE_SYMBOLS = NO;
				SWIFT_APPROACHABLE_CONCURRENCY = YES;
				SWIFT_EMIT_LOC_STRINGS = NO;
				SWIFT_UPCOMING_FEATURE_MEMBER_IMPORT_VISIBILITY = YES;
				SWIFT_VERSION = 5.0;
				TARGETED_DEVICE_FAMILY = "1,2";
				TEST_HOST = "$(BUILT_PRODUCTS_DIR)/中國象棋.app/$(BUNDLE_EXECUTABLE_FOLDER_PATH)/中國象棋";
			};
			name = Release;
		};
		35BA38FC2FAEB96300B9C90B /* Debug */ = {
			isa = XCBuildConfiguration;
			buildSettings = {
				CODE_SIGN_STYLE = Automatic;
				CURRENT_PROJECT_VERSION = 1;
				GENERATE_INFOPLIST_FILE = YES;
				MARKETING_VERSION = 1.0;
				PRODUCT_BUNDLE_IDENTIFIER = "com.octopus.tech.----UITests";
				PRODUCT_NAME = "$(TARGET_NAME)";
				STRING_CATALOG_GENERATE_SYMBOLS = NO;
				SWIFT_APPROACHABLE_CONCURRENCY = YES;
				SWIFT_EMIT_LOC_STRINGS = NO;
				SWIFT_UPCOMING_FEATURE_MEMBER_IMPORT_VISIBILITY = YES;
				SWIFT_VERSION = 5.0;
				TARGETED_DEVICE_FAMILY = "1,2";
				TEST_TARGET_NAME = "中國象棋";
			};
			name = Debug;
		};
		35BA38FD2FAEB96300B9C90B /* Release */ = {
			isa = XCBuildConfiguration;
			buildSettings = {
				CODE_SIGN_STYLE = Automatic;
				CURRENT_PROJECT_VERSION = 1;
				GENERATE_INFOPLIST_FILE = YES;
				MARKETING_VERSION = 1.0;
				PRODUCT_BUNDLE_IDENTIFIER = "com.octopus.tech.----UITests";
				PRODUCT_NAME = "$(TARGET_NAME)";
				STRING_CATALOG_GENERATE_SYMBOLS = NO;
				SWIFT_APPROACHABLE_CONCURRENCY = YES;
				SWIFT_EMIT_LOC_STRINGS = NO;
				SWIFT_UPCOMING_FEATURE_MEMBER_IMPORT_VISIBILITY = YES;
				SWIFT_VERSION = 5.0;
				TARGETED_DEVICE_FAMILY = "1,2";
				TEST_TARGET_NAME = "中國象棋";
			};
			name = Release;
		};
/* End XCBuildConfiguration section */

/* Begin XCConfigurationList section */
		35BA38CD2FAEB96200B9C90B /* Build configuration list for PBXProject "中國象棋" */ = {
			isa = XCConfigurationList;
			buildConfigurations = (
				35BA38F32FAEB96300B9C90B /* Debug */,
				35BA38F42FAEB96300B9C90B /* Release */,
			);
			defaultConfigurationIsVisible = 0;
			defaultConfigurationName = Release;
		};
		35BA38F52FAEB96300B9C90B /* Build configuration list for PBXNativeTarget "中國象棋" */ = {
			isa = XCConfigurationList;
			buildConfigurations = (
				35BA38F62FAEB96300B9C90B /* Debug */,
				35BA38F72FAEB96300B9C90B /* Release */,
			);
			defaultConfigurationIsVisible = 0;
			defaultConfigurationName = Release;
		};
		35BA38F82FAEB96300B9C90B /* Build configuration list for PBXNativeTarget "中國象棋Tests" */ = {
			isa = XCConfigurationList;
			buildConfigurations = (
				35BA38F92FAEB96300B9C90B /* Debug */,
				35BA38FA2FAEB96300B9C90B /* Release */,
			);
			defaultConfigurationIsVisible = 0;
			defaultConfigurationName = Release;
		};
		35BA38FB2FAEB96300B9C90B /* Build configuration list for PBXNativeTarget "中國象棋UITests" */ = {
			isa = XCConfigurationList;
			buildConfigurations = (
				35BA38FC2FAEB96300B9C90B /* Debug */,
				35BA38FD2FAEB96300B9C90B /* Release */,
			);
			defaultConfigurationIsVisible = 0;
			defaultConfigurationName = Release;
		};
/* End XCConfigurationList section */
	};
	rootObject = 35BA38CA2FAEB96200B9C90B /* Project object */;
}
